
Microsoft Visual Studio Solution File, Format Version 12.00
# Visual Studio 2015
Project("{FAE04EC0-301F-11D3-BF4B-00C04F79EFBC}") = "Project Stranded Test.CSharp.Plugins", "Project Stranded Test.CSharp.Plugins.csproj", "{CBA0AA50-354D-A2EA-1C24-E25A6187303B}"
EndProject
Project("{FAE04EC0-301F-11D3-BF4B-00C04F79EFBC}") = "Project Stranded Test.CSharp", "Project Stranded Test.CSharp.csproj", "{B59FB601-FDD1-51E0-6B74-5B17F911DB13}"
EndProject
Project("{FAE04EC0-301F-11D3-BF4B-00C04F79EFBC}") = "Project Stranded Test.CSharp.Editor", "Project Stranded Test.CSharp.Editor.csproj", "{E0708740-9A29-985F-B013-41E8D1D57876}"
EndProject
Global
	GlobalSection(SolutionConfigurationPlatforms) = preSolution
		Debug|Any CPU = Debug|Any CPU
		Release|Any CPU = Release|Any CPU
	EndGlobalSection
	GlobalSection(ProjectConfigurationPlatforms) = postSolution
		{CBA0AA50-354D-A2EA-1C24-E25A6187303B}.Debug|Any CPU.ActiveCfg = Debug|Any CPU
		{CBA0AA50-354D-A2EA-1C24-E25A6187303B}.Debug|Any CPU.Build.0 = Debug|Any CPU
		{CBA0AA50-354D-A2EA-1C24-E25A6187303B}.Release|Any CPU.ActiveCfg = Release|Any CPU
		{CBA0AA50-354D-A2EA-1C24-E25A6187303B}.Release|Any CPU.Build.0 = Release|Any CPU
		{B59FB601-FDD1-51E0-6B74-5B17F911DB13}.Debug|Any CPU.ActiveCfg = Debug|Any CPU
		{B59FB601-FDD1-51E0-6B74-5B17F911DB13}.Debug|Any CPU.Build.0 = Debug|Any CPU
		{B59FB601-FDD1-51E0-6B74-5B17F911DB13}.Release|Any CPU.ActiveCfg = Release|Any CPU
		{B59FB601-FDD1-51E0-6B74-5B17F911DB13}.Release|Any CPU.Build.0 = Release|Any CPU
		{E0708740-9A29-985F-B013-41E8D1D57876}.Debug|Any CPU.ActiveCfg = Debug|Any CPU
		{E0708740-9A29-985F-B013-41E8D1D57876}.Debug|Any CPU.Build.0 = Debug|Any CPU
		{E0708740-9A29-985F-B013-41E8D1D57876}.Release|Any CPU.ActiveCfg = Release|Any CPU
		{E0708740-9A29-985F-B013-41E8D1D57876}.Release|Any CPU.Build.0 = Release|Any CPU
	EndGlobalSection
	GlobalSection(SolutionProperties) = preSolution
		HideSolutionNode = FALSE
	EndGlobalSection
EndGlobal
