
Microsoft Visual Studio Solution File, Format Version 12.00
# Visual Studio 2017
Project("{FAE04EC0-301F-11D3-BF4B-00C04F79EFBC}") = "Project Stranded Test.Plugins", "Project Stranded Test.Plugins.csproj", "{1295E022-5E46-27C3-4B94-D1945472A406}"
EndProject
Project("{FAE04EC0-301F-11D3-BF4B-00C04F79EFBC}") = "Project Stranded Test", "Project Stranded Test.csproj", "{EA2ED284-CD09-575D-F4D7-D3C5D9459D3A}"
EndProject
Project("{FAE04EC0-301F-11D3-BF4B-00C04F79EFBC}") = "Project Stranded Test.Editor", "Project Stranded Test.Editor.csproj", "{3AE1EA52-E4D8-B123-1298-8C9691CC8895}"
EndProject
Global
	GlobalSection(SolutionConfigurationPlatforms) = preSolution
		Debug|Any CPU = Debug|Any CPU
		Release|Any CPU = Release|Any CPU
	EndGlobalSection
	GlobalSection(ProjectConfigurationPlatforms) = postSolution
		{1295E022-5E46-27C3-4B94-D1945472A406}.Debug|Any CPU.ActiveCfg = Debug|Any CPU
		{1295E022-5E46-27C3-4B94-D1945472A406}.Debug|Any CPU.Build.0 = Debug|Any CPU
		{1295E022-5E46-27C3-4B94-D1945472A406}.Release|Any CPU.ActiveCfg = Release|Any CPU
		{1295E022-5E46-27C3-4B94-D1945472A406}.Release|Any CPU.Build.0 = Release|Any CPU
		{EA2ED284-CD09-575D-F4D7-D3C5D9459D3A}.Debug|Any CPU.ActiveCfg = Debug|Any CPU
		{EA2ED284-CD09-575D-F4D7-D3C5D9459D3A}.Debug|Any CPU.Build.0 = Debug|Any CPU
		{EA2ED284-CD09-575D-F4D7-D3C5D9459D3A}.Release|Any CPU.ActiveCfg = Release|Any CPU
		{EA2ED284-CD09-575D-F4D7-D3C5D9459D3A}.Release|Any CPU.Build.0 = Release|Any CPU
		{3AE1EA52-E4D8-B123-1298-8C9691CC8895}.Debug|Any CPU.ActiveCfg = Debug|Any CPU
		{3AE1EA52-E4D8-B123-1298-8C9691CC8895}.Debug|Any CPU.Build.0 = Debug|Any CPU
		{3AE1EA52-E4D8-B123-1298-8C9691CC8895}.Release|Any CPU.ActiveCfg = Release|Any CPU
		{3AE1EA52-E4D8-B123-1298-8C9691CC8895}.Release|Any CPU.Build.0 = Release|Any CPU
	EndGlobalSection
	GlobalSection(SolutionProperties) = preSolution
		HideSolutionNode = FALSE
	EndGlobalSection
EndGlobal
